
Microsoft Visual Studio Solution File, Format Version 12.00
# Visual Studio Version 17
VisualStudioVersion = 17.12.35527.113
MinimumVisualStudioVersion = 10.0.40219.1
Project("{FAE04EC0-301F-11D3-BF4B-00C04F79EFBC}") = "via-entrega.site", "via-entrega.site\via-entrega.site.csproj", "{442AA40D-C55F-20BD-CB95-21D16558F902}"
EndProject
Project("{FAE04EC0-301F-11D3-BF4B-00C04F79EFBC}") = "via-entrega.interfaces", "via-entrega.interfaces\via-entrega.interfaces.csproj", "{B32E1A9F-11E4-886D-7F5D-6F8E43C9FC9F}"
EndProject
Project("{FAE04EC0-301F-11D3-BF4B-00C04F79EFBC}") = "via-entrega.services", "via-entrega.services\via-entrega.services.csproj", "{322D1F1E-D3DE-5CAD-F856-41529A2BB35C}"
EndProject
Project("{FAE04EC0-301F-11D3-BF4B-00C04F79EFBC}") = "via-entrega.repositories", "via-entrega.repositories\via-entrega.repositories.csproj", "{6084E3E5-03EA-EAD0-03EF-6D490DE8CDAA}"
EndProject
Project("{FAE04EC0-301F-11D3-BF4B-00C04F79EFBC}") = "via-entrega.entities", "via-entrega.entities\via-entrega.entities.csproj", "{2F2406B3-0D21-086D-3A20-C79FCF65BCCC}"
EndProject
Global
	GlobalSection(SolutionConfigurationPlatforms) = preSolution
		Debug|Any CPU = Debug|Any CPU
		Release|Any CPU = Release|Any CPU
	EndGlobalSection
	GlobalSection(ProjectConfigurationPlatforms) = postSolution
		{442AA40D-C55F-20BD-CB95-21D16558F902}.Debug|Any CPU.ActiveCfg = Debug|Any CPU
		{442AA40D-C55F-20BD-CB95-21D16558F902}.Debug|Any CPU.Build.0 = Debug|Any CPU
		{442AA40D-C55F-20BD-CB95-21D16558F902}.Release|Any CPU.ActiveCfg = Release|Any CPU
		{442AA40D-C55F-20BD-CB95-21D16558F902}.Release|Any CPU.Build.0 = Release|Any CPU
		{B32E1A9F-11E4-886D-7F5D-6F8E43C9FC9F}.Debug|Any CPU.ActiveCfg = Debug|Any CPU
		{B32E1A9F-11E4-886D-7F5D-6F8E43C9FC9F}.Debug|Any CPU.Build.0 = Debug|Any CPU
		{B32E1A9F-11E4-886D-7F5D-6F8E43C9FC9F}.Release|Any CPU.ActiveCfg = Release|Any CPU
		{B32E1A9F-11E4-886D-7F5D-6F8E43C9FC9F}.Release|Any CPU.Build.0 = Release|Any CPU
		{322D1F1E-D3DE-5CAD-F856-41529A2BB35C}.Debug|Any CPU.ActiveCfg = Debug|Any CPU
		{322D1F1E-D3DE-5CAD-F856-41529A2BB35C}.Debug|Any CPU.Build.0 = Debug|Any CPU
		{322D1F1E-D3DE-5CAD-F856-41529A2BB35C}.Release|Any CPU.ActiveCfg = Release|Any CPU
		{322D1F1E-D3DE-5CAD-F856-41529A2BB35C}.Release|Any CPU.Build.0 = Release|Any CPU
		{6084E3E5-03EA-EAD0-03EF-6D490DE8CDAA}.Debug|Any CPU.ActiveCfg = Debug|Any CPU
		{6084E3E5-03EA-EAD0-03EF-6D490DE8CDAA}.Debug|Any CPU.Build.0 = Debug|Any CPU
		{6084E3E5-03EA-EAD0-03EF-6D490DE8CDAA}.Release|Any CPU.ActiveCfg = Release|Any CPU
		{6084E3E5-03EA-EAD0-03EF-6D490DE8CDAA}.Release|Any CPU.Build.0 = Release|Any CPU
		{2F2406B3-0D21-086D-3A20-C79FCF65BCCC}.Debug|Any CPU.ActiveCfg = Debug|Any CPU
		{2F2406B3-0D21-086D-3A20-C79FCF65BCCC}.Debug|Any CPU.Build.0 = Debug|Any CPU
		{2F2406B3-0D21-086D-3A20-C79FCF65BCCC}.Release|Any CPU.ActiveCfg = Release|Any CPU
		{2F2406B3-0D21-086D-3A20-C79FCF65BCCC}.Release|Any CPU.Build.0 = Release|Any CPU
	EndGlobalSection
	GlobalSection(SolutionProperties) = preSolution
		HideSolutionNode = FALSE
	EndGlobalSection
	GlobalSection(ExtensibilityGlobals) = postSolution
		SolutionGuid = {81513660-4646-4B2A-BC47-29005F1E5C53}
	EndGlobalSection
EndGlobal
